
Microsoft Visual Studio Solution File, Format Version 12.00
# Visual Studio Version 17
VisualStudioVersion = 17.13.35825.156 d17.13
MinimumVisualStudioVersion = 10.0.40219.1
Project("{FAE04EC0-301F-11D3-BF4B-00C04F79EFBC}") = "PokemonApp", "PokemonApp\PokemonApp.csproj", "{1C697635-83E6-4BEF-8061-D55C61DD4AAB}"
EndProject
Global
	GlobalSection(SolutionConfigurationPlatforms) = preSolution
		Debug|Any CPU = Debug|Any CPU
		Release|Any CPU = Release|Any CPU
	EndGlobalSection
	GlobalSection(ProjectConfigurationPlatforms) = postSolution
		{1C697635-83E6-4BEF-8061-D55C61DD4AAB}.Debug|Any CPU.ActiveCfg = Debug|Any CPU
		{1C697635-83E6-4BEF-8061-D55C61DD4AAB}.Debug|Any CPU.Build.0 = Debug|Any CPU
		{1C697635-83E6-4BEF-8061-D55C61DD4AAB}.Release|Any CPU.ActiveCfg = Release|Any CPU
		{1C697635-83E6-4BEF-8061-D55C61DD4AAB}.Release|Any CPU.Build.0 = Release|Any CPU
	EndGlobalSection
	GlobalSection(SolutionProperties) = preSolution
		HideSolutionNode = FALSE
	EndGlobalSection
	GlobalSection(ExtensibilityGlobals) = postSolution
		SolutionGuid = {13EF3CF5-CB5F-4782-9D70-9B5401849EBF}
	EndGlobalSection
EndGlobal
